
Microsoft Visual Studio Solution File, Format Version 12.00
# Visual Studio Version 17
VisualStudioVersion = 17.0.31611.283
MinimumVisualStudioVersion = 10.0.40219.1
Project("{9A19103F-16F7-4668-BE54-9A1E7A4F7556}") = "WeatherForecast", "WeatherForecast\WeatherForecast.csproj", "{9FBA73BE-44FD-43FE-9D84-F43D9BCF81EA}"
EndProject
Project("{9A19103F-16F7-4668-BE54-9A1E7A4F7556}") = "WeatherForecastLib", "WeatherForecastLib\WeatherForecastLib.csproj", "{F8A30D58-61EA-4017-BEA5-B83F61D1511B}"
EndProject
Project("{FAE04EC0-301F-11D3-BF4B-00C04F79EFBC}") = "WeatherForecast.Repository", "WeatherForecast.Repository\WeatherForecast.Repository.csproj", "{C3CD003A-85BD-403D-835F-495E2CA3041D}"
EndProject
Project("{FAE04EC0-301F-11D3-BF4B-00C04F79EFBC}") = "WeatherForecastRepositoryInterfaces", "WeatherForecastRepositoryInterfaces\WeatherForecastRepositoryInterfaces.csproj", "{5CF69BAF-566C-4C54-8B5F-38659F1397B0}"
EndProject
Project("{FAE04EC0-301F-11D3-BF4B-00C04F79EFBC}") = "WeatherForecast.DTO", "WeatherForecast.DTO\WeatherForecast.DTO.csproj", "{39E5A786-1371-4788-B8F1-603ECCAA4E70}"
EndProject
Global
	GlobalSection(SolutionConfigurationPlatforms) = preSolution
		Debug|Any CPU = Debug|Any CPU
		Release|Any CPU = Release|Any CPU
	EndGlobalSection
	GlobalSection(ProjectConfigurationPlatforms) = postSolution
		{9FBA73BE-44FD-43FE-9D84-F43D9BCF81EA}.Debug|Any CPU.ActiveCfg = Debug|Any CPU
		{9FBA73BE-44FD-43FE-9D84-F43D9BCF81EA}.Debug|Any CPU.Build.0 = Debug|Any CPU
		{9FBA73BE-44FD-43FE-9D84-F43D9BCF81EA}.Debug|Any CPU.Deploy.0 = Debug|Any CPU
		{9FBA73BE-44FD-43FE-9D84-F43D9BCF81EA}.Release|Any CPU.ActiveCfg = Release|Any CPU
		{9FBA73BE-44FD-43FE-9D84-F43D9BCF81EA}.Release|Any CPU.Build.0 = Release|Any CPU
		{9FBA73BE-44FD-43FE-9D84-F43D9BCF81EA}.Release|Any CPU.Deploy.0 = Release|Any CPU
		{F8A30D58-61EA-4017-BEA5-B83F61D1511B}.Debug|Any CPU.ActiveCfg = Debug|Any CPU
		{F8A30D58-61EA-4017-BEA5-B83F61D1511B}.Debug|Any CPU.Build.0 = Debug|Any CPU
		{F8A30D58-61EA-4017-BEA5-B83F61D1511B}.Release|Any CPU.ActiveCfg = Release|Any CPU
		{F8A30D58-61EA-4017-BEA5-B83F61D1511B}.Release|Any CPU.Build.0 = Release|Any CPU
		{C3CD003A-85BD-403D-835F-495E2CA3041D}.Debug|Any CPU.ActiveCfg = Debug|Any CPU
		{C3CD003A-85BD-403D-835F-495E2CA3041D}.Debug|Any CPU.Build.0 = Debug|Any CPU
		{C3CD003A-85BD-403D-835F-495E2CA3041D}.Release|Any CPU.ActiveCfg = Release|Any CPU
		{C3CD003A-85BD-403D-835F-495E2CA3041D}.Release|Any CPU.Build.0 = Release|Any CPU
		{5CF69BAF-566C-4C54-8B5F-38659F1397B0}.Debug|Any CPU.ActiveCfg = Debug|Any CPU
		{5CF69BAF-566C-4C54-8B5F-38659F1397B0}.Debug|Any CPU.Build.0 = Debug|Any CPU
		{5CF69BAF-566C-4C54-8B5F-38659F1397B0}.Release|Any CPU.ActiveCfg = Release|Any CPU
		{5CF69BAF-566C-4C54-8B5F-38659F1397B0}.Release|Any CPU.Build.0 = Release|Any CPU
		{39E5A786-1371-4788-B8F1-603ECCAA4E70}.Debug|Any CPU.ActiveCfg = Debug|Any CPU
		{39E5A786-1371-4788-B8F1-603ECCAA4E70}.Debug|Any CPU.Build.0 = Debug|Any CPU
		{39E5A786-1371-4788-B8F1-603ECCAA4E70}.Release|Any CPU.ActiveCfg = Release|Any CPU
		{39E5A786-1371-4788-B8F1-603ECCAA4E70}.Release|Any CPU.Build.0 = Release|Any CPU
	EndGlobalSection
	GlobalSection(SolutionProperties) = preSolution
		HideSolutionNode = FALSE
	EndGlobalSection
	GlobalSection(ExtensibilityGlobals) = postSolution
		SolutionGuid = {61F7FB11-1E47-470C-91E2-47F8143E1572}
	EndGlobalSection
EndGlobal
